
Microsoft Visual Studio Solution File, Format Version 12.00
# Visual Studio Version 16
VisualStudioVersion = 16.0.30011.22
MinimumVisualStudioVersion = 10.0.40219.1
Project("{FAE04EC0-301F-11D3-BF4B-00C04F79EFBC}") = "Server_autoscрool", "Server_autoscрool\Server_autoscрool.csproj", "{8BE3D38D-68C7-4440-ADC5-E017156490B8}"
EndProject
Global
	GlobalSection(SolutionConfigurationPlatforms) = preSolution
		Debug|Any CPU = Debug|Any CPU
		Release|Any CPU = Release|Any CPU
	EndGlobalSection
	GlobalSection(ProjectConfigurationPlatforms) = postSolution
		{8BE3D38D-68C7-4440-ADC5-E017156490B8}.Debug|Any CPU.ActiveCfg = Debug|Any CPU
		{8BE3D38D-68C7-4440-ADC5-E017156490B8}.Debug|Any CPU.Build.0 = Debug|Any CPU
		{8BE3D38D-68C7-4440-ADC5-E017156490B8}.Release|Any CPU.ActiveCfg = Release|Any CPU
		{8BE3D38D-68C7-4440-ADC5-E017156490B8}.Release|Any CPU.Build.0 = Release|Any CPU
	EndGlobalSection
	GlobalSection(SolutionProperties) = preSolution
		HideSolutionNode = FALSE
	EndGlobalSection
	GlobalSection(ExtensibilityGlobals) = postSolution
		SolutionGuid = {C6B40450-472F-4E68-9B10-DB80B7C9AB41}
	EndGlobalSection
EndGlobal
